gitea.teamortix.com/Team-Ortix/go-mod-wasm/wasm v0.0.0-20210320160445-87f4b612f08a h1:yP+ZWeFYr26sQbkjOZKlJvDdPNzxsdK3T9WeDDpRZ3Y=
gitea.teamortix.com/Team-Ortix/go-mod-wasm/wasm v0.0.0-20210320160445-87f4b612f08a/go.mod h1:aXGSS5eQ84RFpINcZVu4y/MeaguTCZM9RvZct1OtsE0=
gitea.teamortix.com/Team-Ortix/go-mod-wasm/wasm v0.0.0-20210320171600-df451aa899a5 h1:1obgUBM+Sx9Hi+2nv05MvPBR8qu/0ZDCRs8JIky8U2o=
gitea.teamortix.com/Team-Ortix/go-mod-wasm/wasm v0.0.0-20210320171600-df451aa899a5/go.mod h1:aXGSS5eQ84RFpINcZVu4y/MeaguTCZM9RvZct1OtsE0=
gitea.teamortix.com/Team-Ortix/go-mod-wasm/wasm v0.0.0-20210320172655-205806929b8f h1:A1ImTmMMUKGRvxCXO+hQh92DAsRz37ioQGlg8dpxFjc=
gitea.teamortix.com/Team-Ortix/go-mod-wasm/wasm v0.0.0-20210320172655-205806929b8f/go.mod h1:aXGSS5eQ84RFpINcZVu4y/MeaguTCZM9RvZct1OtsE0=
